PODS:
  - RxSwift (3.0.1)
  - RxTest (3.0.1):
    - RxSwift (~> 3.0)

DEPENDENCIES:
  - RxSwift (~> 3.0)
  - RxTest (~> 3.0.1)

SPEC CHECKSUMS:
  RxSwift: af5680055c4ad04480189c52d28385b1029493a6
  RxTest: 9867e6f3c435af30fbdb44b6d8ec30b78c40b515

PODFILE CHECKSUM: 60c25e937a2692b783d9b6df44f074b5651cae04

COCOAPODS: 1.2.0.beta.1
