// !$*UTF8*$!
{
	archiveVersion = 1;
	classes = {
	};
	objectVersion = 46;
	objects = {

/* Begin PBXBuildFile section */
		01DA806A1DCC384400E13DB8 /* AppDelegate.swift in Sources */ = {isa = PBXBuildFile; fileRef = 01DA80691DCC384400E13DB8 /* AppDelegate.swift */; };
		01DA806C1DCC384400E13DB8 /* ViewController.swift in Sources */ = {isa = PBXBuildFile; fileRef = 01DA806B1DCC384400E13DB8 /* ViewController.swift */; };
		01DA806F1DCC384400E13DB8 /* Main.storyboard in Resources */ = {isa = PBXBuildFile; fileRef = 01DA806D1DCC384400E13DB8 /* Main.storyboard */; };
		01DA80721DCC384400E13DB8 /* RxNick.xcdatamodeld in Sources */ = {isa = PBXBuildFile; fileRef = 01DA80701DCC384400E13DB8 /* RxNick.xcdatamodeld */; };
		01DA80741DCC384400E13DB8 /* Assets.xcassets in Resources */ = {isa = PBXBuildFile; fileRef = 01DA80731DCC384400E13DB8 /* Assets.xcassets */; };
		01DA80771DCC384400E13DB8 /* LaunchScreen.storyboard in Resources */ = {isa = PBXBuildFile; fileRef = 01DA80751DCC384400E13DB8 /* LaunchScreen.storyboard */; };
/* End PBXBuildFile section */

/* Begin PBXFileReference section */
		01DA80661DCC384400E13DB8 /* RxNick.app */ = {isa = PBXFileReference; explicitFileType = wrapper.application; includeInIndex = 0; path = RxNick.app; sourceTree = BUILT_PRODUCTS_DIR; };
		01DA80691DCC384400E13DB8 /* AppDelegate.swift */ = {isa = PBXFileReference; lastKnownFileType = sourcecode.swift; path = AppDelegate.swift; sourceTree = "<group>"; };
		01DA806B1DCC384400E13DB8 /* ViewController.swift */ = {isa = PBXFileReference; lastKnownFileType = sourcecode.swift; path = ViewController.swift; sourceTree = "<group>"; };
		01DA806E1DCC384400E13DB8 /* Base */ = {isa = PBXFileReference; lastKnownFileType = file.storyboard; name = Base; path = Base.lproj/Main.storyboard; sourceTree = "<group>"; };
		01DA80711DCC384400E13DB8 /* RxNick.xcdatamodel */ = {isa = PBXFileReference; lastKnownFileType = wrapper.xcdatamodel; path = RxNick.xcdatamodel; sourceTree = "<group>"; };
		01DA80731DCC384400E13DB8 /* Assets.xcassets */ = {isa = PBXFileReference; lastKnownFileType = folder.assetcatalog; path = Assets.xcassets; sourceTree = "<group>"; };
		01DA80761DCC384400E13DB8 /* Base */ = {isa = PBXFileReference; lastKnownFileType = file.storyboard; name = Base; path = Base.lproj/LaunchScreen.storyboard; sourceTree = "<group>"; };
		01DA80781DCC384400E13DB8 /* Info.plist */ = {isa = PBXFileReference; lastKnownFileType = text.plist.xml; path = Info.plist; sourceTree = "<group>"; };
/* End PBXFileReference section */

/* Begin PBXFrameworksBuildPhase section */
		01DA80631DCC384400E13DB8 /* Frameworks */ = {
			isa = PBXFrameworksBuildPhase;
			buildActionMask = 2147483647;
			files = (
			);
			runOnlyForDeploymentPostprocessing = 0;
		};
/* End PBXFrameworksBuildPhase section */

/* Begin PBXGroup section */
		01DA805D1DCC384400E13DB8 = {
			isa = PBXGroup;
			children = (
				01DA80681DCC384400E13DB8 /* RxNick */,
				01DA80671DCC384400E13DB8 /* Products */,
			);
			sourceTree = "<group>";
		};
		01DA80671DCC384400E13DB8 /* Products */ = {
			isa = PBXGroup;
			children = (
				01DA80661DCC384400E13DB8 /* RxNick.app */,
			);
			name = Products;
			sourceTree = "<group>";
		};
		01DA80681DCC384400E13DB8 /* RxNick */ = {
			isa = PBXGroup;
			children = (
				01DA80691DCC384400E13DB8 /* AppDelegate.swift */,
				01DA806B1DCC384400E13DB8 /* ViewController.swift */,
				01DA806D1DCC384400E13DB8 /* Main.storyboard */,
				01DA80731DCC384400E13DB8 /* Assets.xcassets */,
				01DA80751DCC384400E13DB8 /* LaunchScreen.storyboard */,
				01DA80781DCC384400E13DB8 /* Info.plist */,
				01DA80701DCC384400E13DB8 /* RxNick.xcdatamodeld */,
			);
			path = RxNick;
			sourceTree = "<group>";
		};
/* End PBXGroup section */

/* Begin PBXNativeTarget section */
		01DA80651DCC384400E13DB8 /* RxNick */ = {
			isa = PBXNativeTarget;
			buildConfigurationList = 01DA807B1DCC384400E13DB8 /* Build configuration list for PBXNativeTarget "RxNick" */;
			buildPhases = (
				01DA80621DCC384400E13DB8 /* Sources */,
				01DA80631DCC384400E13DB8 /* Frameworks */,
				01DA80641DCC384400E13DB8 /* Resources */,
			);
			buildRules = (
			);
			dependencies = (
			);
			name = RxNick;
			productName = RxNick;
			productReference = 01DA80661DCC384400E13DB8 /* RxNick.app */;
			productType = "com.apple.product-type.application";
		};
/* End PBXNativeTarget section */

/* Begin PBXProject section */
		01DA805E1DCC384400E13DB8 /* Project object */ = {
			isa = PBXProject;
			attributes = {
				LastSwiftUpdateCheck = 0810;
				LastUpgradeCheck = 0810;
				ORGANIZATIONNAME = "Nick McConnell";
				TargetAttributes = {
					01DA80651DCC384400E13DB8 = {
						CreatedOnToolsVersion = 8.1;
						DevelopmentTeam = 3D338NTUNJ;
						ProvisioningStyle = Automatic;
					};
				};
			};
			buildConfigurationList = 01DA80611DCC384400E13DB8 /* Build configuration list for PBXProject "RxNick" */;
			compatibilityVersion = "Xcode 3.2";
			developmentRegion = English;
			hasScannedForEncodings = 0;
			knownRegions = (
				en,
				Base,
			);
			mainGroup = 01DA805D1DCC384400E13DB8;
			productRefGroup = 01DA80671DCC384400E13DB8 /* Products */;
			projectDirPath = "";
			projectRoot = "";
			targets = (
				01DA80651DCC384400E13DB8 /* RxNick */,
			);
		};
/* End PBXProject section */

/* Begin PBXResourcesBuildPhase section */
		01DA80641DCC384400E13DB8 /* Resources */ = {
			isa = PBXResourcesBuildPhase;
			buildActionMask = 2147483647;
			files = (
				01DA80771DCC384400E13DB8 /* LaunchScreen.storyboard in Resources */,
				01DA80741DCC384400E13DB8 /* Assets.xcassets in Resources */,
				01DA806F1DCC384400E13DB8 /* Main.storyboard in Resources */,
			);
			runOnlyForDeploymentPostprocessing = 0;
		};
/* End PBXResourcesBuildPhase section */

/* Begin PBXSourcesBuildPhase section */
		01DA80621DCC384400E13DB8 /* Sources */ = {
			isa = PBXSourcesBuildPhase;
			buildActionMask = 2147483647;
			files = (
				01DA806C1DCC384400E13DB8 /* ViewController.swift in Sources */,
				01DA80721DCC384400E13DB8 /* RxNick.xcdatamodeld in Sources */,
				01DA806A1DCC384400E13DB8 /* AppDelegate.swift in Sources */,
			);
			runOnlyForDeploymentPostprocessing = 0;
		};
/* End PBXSourcesBuildPhase section */

/* Begin PBXVariantGroup section */
		01DA806D1DCC384400E13DB8 /* Main.storyboard */ = {
			isa = PBXVariantGroup;
			children = (
				01DA806E1DCC384400E13DB8 /* Base */,
			);
			name = Main.storyboard;
			sourceTree = "<group>";
		};
		01DA80751DCC384400E13DB8 /* LaunchScreen.storyboard */ = {
			isa = PBXVariantGroup;
			children = (
				01DA80761DCC384400E13DB8 /* Base */,
			);
			name = LaunchScreen.storyboard;
			sourceTree = "<group>";
		};
/* End PBXVariantGroup section */

/* Begin XCBuildConfiguration section */
		01DA80791DCC384400E13DB8 /* Debug */ = {
			isa = XCBuildConfiguration;
			buildSettings = {
				ALWAYS_SEARCH_USER_PATHS = NO;
				CLANG_ANALYZER_NONNULL = YES;
				CLANG_CXX_LANGUAGE_STANDARD = "gnu++0x";
				CLANG_CXX_LIBRARY = "libc++";
				CLANG_ENABLE_MODULES = YES;
				CLANG_ENABLE_OBJC_ARC = YES;
				CLANG_WARN_BOOL_CONVERSION = YES;
				CLANG_WARN_CONSTANT_CONVERSION = YES;
				CLANG_WARN_DIRECT_OBJC_ISA_USAGE = YES_ERROR;
				CLANG_WARN_DOCUMENTATION_COMMENTS = YES;
				CLANG_WARN_EMPTY_BODY = YES;
				CLANG_WARN_ENUM_CONVERSION = YES;
				CLANG_WARN_INFINITE_RECURSION = YES;
				CLANG_WARN_INT_CONVERSION = YES;
				CLANG_WARN_OBJC_ROOT_CLASS = YES_ERROR;
				CLANG_WARN_SUSPICIOUS_MOVES = YES;
				CLANG_WARN_UNREACHABLE_CODE = YES;
				CLANG_WARN__DUPLICATE_METHOD_MATCH = YES;
				"CODE_SIGN_IDENTITY[sdk=iphoneos*]" = "iPhone Developer";
				COPY_PHASE_STRIP = NO;
				DEBUG_INFORMATION_FORMAT = dwarf;
				ENABLE_STRICT_OBJC_MSGSEND = YES;
				ENABLE_TESTABILITY = YES;
				GCC_C_LANGUAGE_STANDARD = gnu99;
				GCC_DYNAMIC_NO_PIC = NO;
				GCC_NO_COMMON_BLOCKS = YES;
				GCC_OPTIMIZATION_LEVEL = 0;
				GCC_PREPROCESSOR_DEFINITIONS = (
					"DEBUG=1",
					"$(inherited)",
				);
				GCC_WARN_64_TO_32_BIT_CONVERSION = YES;
				GCC_WARN_ABOUT_RETURN_TYPE = YES_ERROR;
				GCC_WARN_UNDECLARED_SELECTOR = YES;
				GCC_WARN_UNINITIALIZED_AUTOS = YES_AGGRESSIVE;
				GCC_WARN_UNUSED_FUNCTION = YES;
				GCC_WARN_UNUSED_VARIABLE = YES;
				IPHONEOS_DEPLOYMENT_TARGET = 10.1;
				MTL_ENABLE_DEBUG_INFO = YES;
				ONLY_ACTIVE_ARCH = YES;
				SDKROOT = iphoneos;
				SWIFT_ACTIVE_COMPILATION_CONDITIONS = DEBUG;
				SWIFT_OPTIMIZATION_LEVEL = "-Onone";
				TARGETED_DEVICE_FAMILY = "1,2";
			};
			name = Debug;
		};
		01DA807A1DCC384400E13DB8 /* Release */ = {
			isa = XCBuildConfiguration;
			buildSettings = {
				ALWAYS_SEARCH_USER_PATHS = NO;
				CLANG_ANALYZER_NONNULL = YES;
				CLANG_CXX_LANGUAGE_STANDARD = "gnu++0x";
				CLANG_CXX_LIBRARY = "libc++";
				CLANG_ENABLE_MODULES = YES;
				CLANG_ENABLE_OBJC_ARC = YES;
				CLANG_WARN_BOOL_CONVERSION = YES;
				CLANG_WARN_CONSTANT_CONVERSION = YES;
				CLANG_WARN_DIRECT_OBJC_ISA_USAGE = YES_ERROR;
				CLANG_WARN_DOCUMENTATION_COMMENTS = YES;
				CLANG_WARN_EMPTY_BODY = YES;
				CLANG_WARN_ENUM_CONVERSION = YES;
				CLANG_WARN_INFINITE_RECURSION = YES;
				CLANG_WARN_INT_CONVERSION = YES;
				CLANG_WARN_OBJC_ROOT_CLASS = YES_ERROR;
				CLANG_WARN_SUSPICIOUS_MOVES = YES;
				CLANG_WARN_UNREACHABLE_CODE = YES;
				CLANG_WARN__DUPLICATE_METHOD_MATCH = YES;
				"CODE_SIGN_IDENTITY[sdk=iphoneos*]" = "iPhone Developer";
				COPY_PHASE_STRIP = NO;
				DEBUG_INFORMATION_FORMAT = "dwarf-with-dsym";
				ENABLE_NS_ASSERTIONS = NO;
				ENABLE_STRICT_OBJC_MSGSEND = YES;
				GCC_C_LANGUAGE_STANDARD = gnu99;
				GCC_NO_COMMON_BLOCKS = YES;
				GCC_WARN_64_TO_32_BIT_CONVERSION = YES;
				GCC_WARN_ABOUT_RETURN_TYPE = YES_ERROR;
				GCC_WARN_UNDECLARED_SELECTOR = YES;
				GCC_WARN_UNINITIALIZED_AUTOS = YES_AGGRESSIVE;
				GCC_WARN_UNUSED_FUNCTION = YES;
				GCC_WARN_UNUSED_VARIABLE = YES;
				IPHONEOS_DEPLOYMENT_TARGET = 10.1;
				MTL_ENABLE_DEBUG_INFO = NO;
				SDKROOT = iphoneos;
				SWIFT_OPTIMIZATION_LEVEL = "-Owholemodule";
				TARGETED_DEVICE_FAMILY = "1,2";
				VALIDATE_PRODUCT = YES;
			};
			name = Release;
		};
		01DA807C1DCC384400E13DB8 /* Debug */ = {
			isa = XCBuildConfiguration;
			buildSettings = {
				ASSETCATALOG_COMPILER_APPICON_NAME = AppIcon;
				DEVELOPMENT_TEAM = 3D338NTUNJ;
				INFOPLIST_FILE = RxNick/Info.plist;
				LD_RUNPATH_SEARCH_PATHS = "$(inherited) @executable_path/Frameworks";
				PRODUCT_BUNDLE_IDENTIFIER = NM.RxNick;
				PRODUCT_NAME = "$(TARGET_NAME)";
				SWIFT_VERSION = 3.0;
			};
			name = Debug;
		};
		01DA807D1DCC384400E13DB8 /* Release */ = {
			isa = XCBuildConfiguration;
			buildSettings = {
				ASSETCATALOG_COMPILER_APPICON_NAME = AppIcon;
				DEVELOPMENT_TEAM = 3D338NTUNJ;
				INFOPLIST_FILE = RxNick/Info.plist;
				LD_RUNPATH_SEARCH_PATHS = "$(inherited) @executable_path/Frameworks";
				PRODUCT_BUNDLE_IDENTIFIER = NM.RxNick;
				PRODUCT_NAME = "$(TARGET_NAME)";
				SWIFT_VERSION = 3.0;
			};
			name = Release;
		};
/* End XCBuildConfiguration section */

/* Begin XCConfigurationList section */
		01DA80611DCC384400E13DB8 /* Build configuration list for PBXProject "RxNick" */ = {
			isa = XCConfigurationList;
			buildConfigurations = (
				01DA80791DCC384400E13DB8 /* Debug */,
				01DA807A1DCC384400E13DB8 /* Release */,
			);
			defaultConfigurationIsVisible = 0;
			defaultConfigurationName = Release;
		};
		01DA807B1DCC384400E13DB8 /* Build configuration list for PBXNativeTarget "RxNick" */ = {
			isa = XCConfigurationList;
			buildConfigurations = (
				01DA807C1DCC384400E13DB8 /* Debug */,
				01DA807D1DCC384400E13DB8 /* Release */,
			);
			defaultConfigurationIsVisible = 0;
		};
/* End XCConfigurationList section */

/* Begin XCVersionGroup section */
		01DA80701DCC384400E13DB8 /* RxNick.xcdatamodeld */ = {
			isa = XCVersionGroup;
			children = (
				01DA80711DCC384400E13DB8 /* RxNick.xcdatamodel */,
			);
			currentVersion = 01DA80711DCC384400E13DB8 /* RxNick.xcdatamodel */;
			path = RxNick.xcdatamodeld;
			sourceTree = "<group>";
			versionGroupType = wrapper.xcdatamodel;
		};
/* End XCVersionGroup section */
	};
	rootObject = 01DA805E1DCC384400E13DB8 /* Project object */;
}
